// !$*UTF8*$!
{
	archiveVersion = 1;
	classes = {
	};
	objectVersion = 56;
	objects = {

/* Begin PBXBuildFile section */
		E72EEE6F29A773B8008C93BB /* Utils.swift in Sources */ = {isa = PBXBuildFile; fileRef = E72EEE6E29A773B8008C93BB /* Utils.swift */; };
		E72EEE7229A7B1EF008C93BB /* LoginView.swift in Sources */ = {isa = PBXBuildFile; fileRef = E72EEE7129A7B1EF008C93BB /* LoginView.swift */; };
		E72EEE7429A7B288008C93BB /* FormField.swift in Sources */ = {isa = PBXBuildFile; fileRef = E72EEE7329A7B288008C93BB /* FormField.swift */; };
		E72EEE7629A7B2BD008C93BB /* LogoView.swift in Sources */ = {isa = PBXBuildFile; fileRef = E72EEE7529A7B2BD008C93BB /* LogoView.swift */; };
		E72EEE7829A7B2F2008C93BB /* LogoShape.swift in Sources */ = {isa = PBXBuildFile; fileRef = E72EEE7729A7B2F2008C93BB /* LogoShape.swift */; };
		E72EEE7B29A7B364008C93BB /* ForgotPasswordView.swift in Sources */ = {isa = PBXBuildFile; fileRef = E72EEE7A29A7B364008C93BB /* ForgotPasswordView.swift */; };
		E72EEE7D29A7B389008C93BB /* ForgetPasswordInfoView.swift in Sources */ = {isa = PBXBuildFile; fileRef = E72EEE7C29A7B389008C93BB /* ForgetPasswordInfoView.swift */; };
		E74DF3A029A65937007AA084 /* Model.swift in Sources */ = {isa = PBXBuildFile; fileRef = E74DF39F29A65937007AA084 /* Model.swift */; };
		E74DF3A329A65A51007AA084 /* RoundedShape.swift in Sources */ = {isa = PBXBuildFile; fileRef = E74DF3A229A65A51007AA084 /* RoundedShape.swift */; };
		E74DF3A629A65AC8007AA084 /* tabButton.swift in Sources */ = {isa = PBXBuildFile; fileRef = E74DF3A529A65AC8007AA084 /* tabButton.swift */; };
		E74DF3A829A65B34007AA084 /* MainView.swift in Sources */ = {isa = PBXBuildFile; fileRef = E74DF3A729A65B34007AA084 /* MainView.swift */; };
		E74DF3AA29A65B74007AA084 /* ProfilView.swift in Sources */ = {isa = PBXBuildFile; fileRef = E74DF3A929A65B74007AA084 /* ProfilView.swift */; };
		E74DF3AC29A65BC6007AA084 /* JobView.swift in Sources */ = {isa = PBXBuildFile; fileRef = E74DF3AB29A65BC6007AA084 /* JobView.swift */; };
		E74DF3AE29A65BE3007AA084 /* PlaneView.swift in Sources */ = {isa = PBXBuildFile; fileRef = E74DF3AD29A65BE3007AA084 /* PlaneView.swift */; };
		E74DF3B029A65C05007AA084 /* HomeView.swift in Sources */ = {isa = PBXBuildFile; fileRef = E74DF3AF29A65C05007AA084 /* HomeView.swift */; };
		E74DF3B229A65F3E007AA084 /* DetailView.swift in Sources */ = {isa = PBXBuildFile; fileRef = E74DF3B129A65F3E007AA084 /* DetailView.swift */; };
		E74DF3B529A6AE40007AA084 /* EmptyStateView.swift in Sources */ = {isa = PBXBuildFile; fileRef = E74DF3B429A6AE40007AA084 /* EmptyStateView.swift */; };
		E74DF3B729A6AE8E007AA084 /* SearchBar.swift in Sources */ = {isa = PBXBuildFile; fileRef = E74DF3B629A6AE8E007AA084 /* SearchBar.swift */; };
		E74DF3B929A6AEE3007AA084 /* JobListViewModel.swift in Sources */ = {isa = PBXBuildFile; fileRef = E74DF3B829A6AEE3007AA084 /* JobListViewModel.swift */; };
		E74DF3BB29A6AF2D007AA084 /* JobView2.swift in Sources */ = {isa = PBXBuildFile; fileRef = E74DF3BA29A6AF2D007AA084 /* JobView2.swift */; };
		E74DF3BD29A6AF63007AA084 /* JobModel.swift in Sources */ = {isa = PBXBuildFile; fileRef = E74DF3BC29A6AF63007AA084 /* JobModel.swift */; };
		E74DF3BF29A6AFAA007AA084 /* JobDetailView.swift in Sources */ = {isa = PBXBuildFile; fileRef = E74DF3BE29A6AFAA007AA084 /* JobDetailView.swift */; };
		E74DF3C129A6B013007AA084 /* ModelData.swift in Sources */ = {isa = PBXBuildFile; fileRef = E74DF3C029A6B013007AA084 /* ModelData.swift */; };
		E74DF3C429A6B0AA007AA084 /* Alamofire in Frameworks */ = {isa = PBXBuildFile; productRef = E74DF3C329A6B0AA007AA084 /* Alamofire */; };
		E74DF3C729A6B4FC007AA084 /* mixkit.mp3 in Resources */ = {isa = PBXBuildFile; fileRef = E74DF3C629A6B4FC007AA084 /* mixkit.mp3 */; };
		E7A351A6299FBF6A00B0C327 /* FirebaseAuth in Frameworks */ = {isa = PBXBuildFile; productRef = E7A351A5299FBF6A00B0C327 /* FirebaseAuth */; };
		E7EC0C5829A8EA4300C877B6 /* SwiftyJSON in Frameworks */ = {isa = PBXBuildFile; productRef = E7EC0C5729A8EA4300C877B6 /* SwiftyJSON */; };
		E7EC0C7329A8FFA300C877B6 /* Amadeus in Frameworks */ = {isa = PBXBuildFile; productRef = E7EC0C7229A8FFA300C877B6 /* Amadeus */; };
		E7F166132991CAC300483E25 /* StudygoesOnWorldTripApp.swift in Sources */ = {isa = PBXBuildFile; fileRef = E7F166122991CAC300483E25 /* StudygoesOnWorldTripApp.swift */; };
		E7F166152991CAC300483E25 /* ContentView.swift in Sources */ = {isa = PBXBuildFile; fileRef = E7F166142991CAC300483E25 /* ContentView.swift */; };
		E7F166172991CAC400483E25 /* Assets.xcassets in Resources */ = {isa = PBXBuildFile; fileRef = E7F166162991CAC400483E25 /* Assets.xcassets */; };
		E7F1661A2991CAC400483E25 /* Preview Assets.xcassets in Resources */ = {isa = PBXBuildFile; fileRef = E7F166192991CAC400483E25 /* Preview Assets.xcassets */; };
		E7FAEE2329A9A38700955400 /* FlightSearchViewModel.swift in Sources */ = {isa = PBXBuildFile; fileRef = E7FAEE2229A9A38700955400 /* FlightSearchViewModel.swift */; };
		E7FAEE2E29A9DE6F00955400 /* HotelSearchView.swift in Sources */ = {isa = PBXBuildFile; fileRef = E7FAEE2D29A9DE6F00955400 /* HotelSearchView.swift */; };
		E7FAEE3129AA11B400955400 /* FlightProgressView.swift in Sources */ = {isa = PBXBuildFile; fileRef = E7FAEE3029AA11B400955400 /* FlightProgressView.swift */; };
/* End PBXBuildFile section */

/* Begin PBXFileReference section */
		E72EEE6E29A773B8008C93BB /* Utils.swift */ = {isa = PBXFileReference; lastKnownFileType = sourcecode.swift; path = Utils.swift; sourceTree = "<group>"; };
		E72EEE7129A7B1EF008C93BB /* LoginView.swift */ = {isa = PBXFileReference; lastKnownFileType = sourcecode.swift; path = LoginView.swift; sourceTree = "<group>"; };
		E72EEE7329A7B288008C93BB /* FormField.swift */ = {isa = PBXFileReference; lastKnownFileType = sourcecode.swift; path = FormField.swift; sourceTree = "<group>"; };
		E72EEE7529A7B2BD008C93BB /* LogoView.swift */ = {isa = PBXFileReference; lastKnownFileType = sourcecode.swift; path = LogoView.swift; sourceTree = "<group>"; };
		E72EEE7729A7B2F2008C93BB /* LogoShape.swift */ = {isa = PBXFileReference; lastKnownFileType = sourcecode.swift; path = LogoShape.swift; sourceTree = "<group>"; };
		E72EEE7A29A7B364008C93BB /* ForgotPasswordView.swift */ = {isa = PBXFileReference; lastKnownFileType = sourcecode.swift; path = ForgotPasswordView.swift; sourceTree = "<group>"; };
		E72EEE7C29A7B389008C93BB /* ForgetPasswordInfoView.swift */ = {isa = PBXFileReference; lastKnownFileType = sourcecode.swift; path = ForgetPasswordInfoView.swift; sourceTree = "<group>"; };
		E74DF39F29A65937007AA084 /* Model.swift */ = {isa = PBXFileReference; lastKnownFileType = sourcecode.swift; path = Model.swift; sourceTree = "<group>"; };
		E74DF3A229A65A51007AA084 /* RoundedShape.swift */ = {isa = PBXFileReference; lastKnownFileType = sourcecode.swift; path = RoundedShape.swift; sourceTree = "<group>"; };
		E74DF3A529A65AC8007AA084 /* tabButton.swift */ = {isa = PBXFileReference; lastKnownFileType = sourcecode.swift; path = tabButton.swift; sourceTree = "<group>"; };
		E74DF3A729A65B34007AA084 /* MainView.swift */ = {isa = PBXFileReference; lastKnownFileType = sourcecode.swift; path = MainView.swift; sourceTree = "<group>"; };
		E74DF3A929A65B74007AA084 /* ProfilView.swift */ = {isa = PBXFileReference; lastKnownFileType = sourcecode.swift; path = ProfilView.swift; sourceTree = "<group>"; };
		E74DF3AB29A65BC6007AA084 /* JobView.swift */ = {isa = PBXFileReference; lastKnownFileType = sourcecode.swift; path = JobView.swift; sourceTree = "<group>"; };
		E74DF3AD29A65BE3007AA084 /* PlaneView.swift */ = {isa = PBXFileReference; lastKnownFileType = sourcecode.swift; path = PlaneView.swift; sourceTree = "<group>"; };
		E74DF3AF29A65C05007AA084 /* HomeView.swift */ = {isa = PBXFileReference; lastKnownFileType = sourcecode.swift; path = HomeView.swift; sourceTree = "<group>"; };
		E74DF3B129A65F3E007AA084 /* DetailView.swift */ = {isa = PBXFileReference; lastKnownFileType = sourcecode.swift; path = DetailView.swift; sourceTree = "<group>"; };
		E74DF3B429A6AE40007AA084 /* EmptyStateView.swift */ = {isa = PBXFileReference; lastKnownFileType = sourcecode.swift; path = EmptyStateView.swift; sourceTree = "<group>"; };
		E74DF3B629A6AE8E007AA084 /* SearchBar.swift */ = {isa = PBXFileReference; lastKnownFileType = sourcecode.swift; path = SearchBar.swift; sourceTree = "<group>"; };
		E74DF3B829A6AEE3007AA084 /* JobListViewModel.swift */ = {isa = PBXFileReference; lastKnownFileType = sourcecode.swift; path = JobListViewModel.swift; sourceTree = "<group>"; };
		E74DF3BA29A6AF2D007AA084 /* JobView2.swift */ = {isa = PBXFileReference; lastKnownFileType = sourcecode.swift; path = JobView2.swift; sourceTree = "<group>"; };
		E74DF3BC29A6AF63007AA084 /* JobModel.swift */ = {isa = PBXFileReference; lastKnownFileType = sourcecode.swift; path = JobModel.swift; sourceTree = "<group>"; };
		E74DF3BE29A6AFAA007AA084 /* JobDetailView.swift */ = {isa = PBXFileReference; lastKnownFileType = sourcecode.swift; path = JobDetailView.swift; sourceTree = "<group>"; };
		E74DF3C029A6B013007AA084 /* ModelData.swift */ = {isa = PBXFileReference; lastKnownFileType = sourcecode.swift; path = ModelData.swift; sourceTree = "<group>"; };
		E74DF3C629A6B4FC007AA084 /* mixkit.mp3 */ = {isa = PBXFileReference; lastKnownFileType = audio.mp3; name = mixkit.mp3; path = ../../../mixkit.mp3; sourceTree = "<group>"; };
		E7F1660F2991CAC300483E25 /* StudygoesOnWorldTrip.app */ = {isa = PBXFileReference; explicitFileType = wrapper.application; includeInIndex = 0; path = StudygoesOnWorldTrip.app; sourceTree = BUILT_PRODUCTS_DIR; };
		E7F166122991CAC300483E25 /* StudygoesOnWorldTripApp.swift */ = {isa = PBXFileReference; lastKnownFileType = sourcecode.swift; path = StudygoesOnWorldTripApp.swift; sourceTree = "<group>"; };
		E7F166142991CAC300483E25 /* ContentView.swift */ = {isa = PBXFileReference; lastKnownFileType = sourcecode.swift; path = ContentView.swift; sourceTree = "<group>"; };
		E7F166162991CAC400483E25 /* Assets.xcassets */ = {isa = PBXFileReference; lastKnownFileType = folder.assetcatalog; path = Assets.xcassets; sourceTree = "<group>"; };
		E7F166192991CAC400483E25 /* Preview Assets.xcassets */ = {isa = PBXFileReference; lastKnownFileType = folder.assetcatalog; path = "Preview Assets.xcassets"; sourceTree = "<group>"; };
		E7FAEE2229A9A38700955400 /* FlightSearchViewModel.swift */ = {isa = PBXFileReference; lastKnownFileType = sourcecode.swift; path = FlightSearchViewModel.swift; sourceTree = "<group>"; };
		E7FAEE2D29A9DE6F00955400 /* HotelSearchView.swift */ = {isa = PBXFileReference; lastKnownFileType = sourcecode.swift; path = HotelSearchView.swift; sourceTree = "<group>"; };
		E7FAEE3029AA11B400955400 /* FlightProgressView.swift */ = {isa = PBXFileReference; lastKnownFileType = sourcecode.swift; path = FlightProgressView.swift; sourceTree = "<group>"; };
/* End PBXFileReference section */

/* Begin PBXFrameworksBuildPhase section */
		E7F1660C2991CAC300483E25 /* Frameworks */ = {
			isa = PBXFrameworksBuildPhase;
			buildActionMask = 2147483647;
			files = (
				E7EC0C5829A8EA4300C877B6 /* SwiftyJSON in Frameworks */,
				E7A351A6299FBF6A00B0C327 /* FirebaseAuth in Frameworks */,
				E74DF3C429A6B0AA007AA084 /* Alamofire in Frameworks */,
				E7EC0C7329A8FFA300C877B6 /* Amadeus in Frameworks */,
			);
			runOnlyForDeploymentPostprocessing = 0;
		};
/* End PBXFrameworksBuildPhase section */

/* Begin PBXGroup section */
		E72EEE6D29A7739D008C93BB /* Utils */ = {
			isa = PBXGroup;
			children = (
				E72EEE6E29A773B8008C93BB /* Utils.swift */,
			);
			path = Utils;
			sourceTree = "<group>";
		};
		E72EEE7029A7B1D6008C93BB /* Login */ = {
			isa = PBXGroup;
			children = (
				E72EEE7129A7B1EF008C93BB /* LoginView.swift */,
				E72EEE7329A7B288008C93BB /* FormField.swift */,
				E72EEE7529A7B2BD008C93BB /* LogoView.swift */,
				E72EEE7729A7B2F2008C93BB /* LogoShape.swift */,
			);
			path = Login;
			sourceTree = "<group>";
		};
		E72EEE7929A7B32D008C93BB /* ForgotPasswort */ = {
			isa = PBXGroup;
			children = (
				E72EEE7A29A7B364008C93BB /* ForgotPasswordView.swift */,
				E72EEE7C29A7B389008C93BB /* ForgetPasswordInfoView.swift */,
			);
			path = ForgotPasswort;
			sourceTree = "<group>";
		};
		E743F3CD2998EBC000D86A3E /* ViewModels */ = {
			isa = PBXGroup;
			children = (
				E74DF3B829A6AEE3007AA084 /* JobListViewModel.swift */,
				E7FAEE2229A9A38700955400 /* FlightSearchViewModel.swift */,
			);
			path = ViewModels;
			sourceTree = "<group>";
		};
		E74DF39E29A65921007AA084 /* Models */ = {
			isa = PBXGroup;
			children = (
				E74DF39F29A65937007AA084 /* Model.swift */,
				E74DF3BC29A6AF63007AA084 /* JobModel.swift */,
				E74DF3C029A6B013007AA084 /* ModelData.swift */,
			);
			path = Models;
			sourceTree = "<group>";
		};
		E74DF3A129A65A3D007AA084 /* Shapes */ = {
			isa = PBXGroup;
			children = (
				E74DF3A229A65A51007AA084 /* RoundedShape.swift */,
			);
			path = Shapes;
			sourceTree = "<group>";
		};
		E74DF3A429A65AB7007AA084 /* TabButtons */ = {
			isa = PBXGroup;
			children = (
				E74DF3A529A65AC8007AA084 /* tabButton.swift */,
			);
			path = TabButtons;
			sourceTree = "<group>";
		};
		E74DF3B329A6AE22007AA084 /* Job */ = {
			isa = PBXGroup;
			children = (
				E74DF3AB29A65BC6007AA084 /* JobView.swift */,
				E74DF3B429A6AE40007AA084 /* EmptyStateView.swift */,
				E74DF3B629A6AE8E007AA084 /* SearchBar.swift */,
				E74DF3BA29A6AF2D007AA084 /* JobView2.swift */,
				E74DF3BE29A6AFAA007AA084 /* JobDetailView.swift */,
			);
			path = Job;
			sourceTree = "<group>";
		};
		E74DF3C529A6B431007AA084 /* Sounds */ = {
			isa = PBXGroup;
			children = (
				E74DF3C629A6B4FC007AA084 /* mixkit.mp3 */,
			);
			path = Sounds;
			sourceTree = "<group>";
		};
		E74DF3C829A6E9B4007AA084 /* Main */ = {
			isa = PBXGroup;
			children = (
				E74DF3A729A65B34007AA084 /* MainView.swift */,
			);
			path = Main;
			sourceTree = "<group>";
		};
		E74DF3C929A6E9C0007AA084 /* Profil */ = {
			isa = PBXGroup;
			children = (
				E74DF3A929A65B74007AA084 /* ProfilView.swift */,
			);
			path = Profil;
			sourceTree = "<group>";
		};
		E74DF3CA29A6E9E6007AA084 /* Plane */ = {
			isa = PBXGroup;
			children = (
				E74DF3AD29A65BE3007AA084 /* PlaneView.swift */,
			);
			path = Plane;
			sourceTree = "<group>";
		};
		E74DF3CB29A6E9F3007AA084 /* Home */ = {
			isa = PBXGroup;
			children = (
				E74DF3B129A65F3E007AA084 /* DetailView.swift */,
				E74DF3AF29A65C05007AA084 /* HomeView.swift */,
			);
			path = Home;
			sourceTree = "<group>";
		};
		E7B078D629A980BF001EADCC /* AmadeusAPICALL */ = {
			isa = PBXGroup;
			children = (
			);
			path = AmadeusAPICALL;
			sourceTree = "<group>";
		};
		E7F166062991CAC300483E25 = {
			isa = PBXGroup;
			children = (
				E7F166112991CAC300483E25 /* StudygoesOnWorldTrip */,
				E7F166102991CAC300483E25 /* Products */,
			);
			sourceTree = "<group>";
		};
		E7F166102991CAC300483E25 /* Products */ = {
			isa = PBXGroup;
			children = (
				E7F1660F2991CAC300483E25 /* StudygoesOnWorldTrip.app */,
			);
			name = Products;
			sourceTree = "<group>";
		};
		E7F166112991CAC300483E25 /* StudygoesOnWorldTrip */ = {
			isa = PBXGroup;
			children = (
				E7B078D629A980BF001EADCC /* AmadeusAPICALL */,
				E72EEE6D29A7739D008C93BB /* Utils */,
				E74DF3C529A6B431007AA084 /* Sounds */,
				E74DF3A429A65AB7007AA084 /* TabButtons */,
				E74DF3A129A65A3D007AA084 /* Shapes */,
				E74DF39E29A65921007AA084 /* Models */,
				E743F3CD2998EBC000D86A3E /* ViewModels */,
				E7F166202991CB0A00483E25 /* Views */,
				E7F166122991CAC300483E25 /* StudygoesOnWorldTripApp.swift */,
				E7F166142991CAC300483E25 /* ContentView.swift */,
				E7F166162991CAC400483E25 /* Assets.xcassets */,
				E7F166182991CAC400483E25 /* Preview Content */,
			);
			path = StudygoesOnWorldTrip;
			sourceTree = "<group>";
		};
		E7F166182991CAC400483E25 /* Preview Content */ = {
			isa = PBXGroup;
			children = (
				E7F166192991CAC400483E25 /* Preview Assets.xcassets */,
			);
			path = "Preview Content";
			sourceTree = "<group>";
		};
		E7F166202991CB0A00483E25 /* Views */ = {
			isa = PBXGroup;
			children = (
				E7FAEE2F29AA119200955400 /* ProgressView */,
				E7FAEE2C29A9DE5400955400 /* HotelSearch */,
				E72EEE7929A7B32D008C93BB /* ForgotPasswort */,
				E72EEE7029A7B1D6008C93BB /* Login */,
				E74DF3CB29A6E9F3007AA084 /* Home */,
				E74DF3CA29A6E9E6007AA084 /* Plane */,
				E74DF3C929A6E9C0007AA084 /* Profil */,
				E74DF3C829A6E9B4007AA084 /* Main */,
				E74DF3B329A6AE22007AA084 /* Job */,
			);
			path = Views;
			sourceTree = "<group>";
		};
		E7FAEE2C29A9DE5400955400 /* HotelSearch */ = {
			isa = PBXGroup;
			children = (
				E7FAEE2D29A9DE6F00955400 /* HotelSearchView.swift */,
			);
			path = HotelSearch;
			sourceTree = "<group>";
		};
		E7FAEE2F29AA119200955400 /* ProgressView */ = {
			isa = PBXGroup;
			children = (
				E7FAEE3029AA11B400955400 /* FlightProgressView.swift */,
			);
			path = ProgressView;
			sourceTree = "<group>";
		};
/* End PBXGroup section */

/* Begin PBXNativeTarget section */
		E7F1660E2991CAC300483E25 /* StudygoesOnWorldTrip */ = {
			isa = PBXNativeTarget;
			buildConfigurationList = E7F1661D2991CAC400483E25 /* Build configuration list for PBXNativeTarget "StudygoesOnWorldTrip" */;
			buildPhases = (
				E7F1660B2991CAC300483E25 /* Sources */,
				E7F1660C2991CAC300483E25 /* Frameworks */,
				E7F1660D2991CAC300483E25 /* Resources */,
			);
			buildRules = (
			);
			dependencies = (
			);
			name = StudygoesOnWorldTrip;
			packageProductDependencies = (
				E7A351A5299FBF6A00B0C327 /* FirebaseAuth */,
				E74DF3C329A6B0AA007AA084 /* Alamofire */,
				E7EC0C5729A8EA4300C877B6 /* SwiftyJSON */,
				E7EC0C7229A8FFA300C877B6 /* Amadeus */,
			);
			productName = StudygoesOnWorldTrip;
			productReference = E7F1660F2991CAC300483E25 /* StudygoesOnWorldTrip.app */;
			productType = "com.apple.product-type.application";
		};
/* End PBXNativeTarget section */

/* Begin PBXProject section */
		E7F166072991CAC300483E25 /* Project object */ = {
			isa = PBXProject;
			attributes = {
				BuildIndependentTargetsInParallel = 1;
				LastSwiftUpdateCheck = 1420;
				LastUpgradeCheck = 1420;
				TargetAttributes = {
					E7F1660E2991CAC300483E25 = {
						CreatedOnToolsVersion = 14.2;
					};
				};
			};
			buildConfigurationList = E7F1660A2991CAC300483E25 /* Build configuration list for PBXProject "StudygoesOnWorldTrip" */;
			compatibilityVersion = "Xcode 14.0";
			developmentRegion = en;
			hasScannedForEncodings = 0;
			knownRegions = (
				en,
				Base,
			);
			mainGroup = E7F166062991CAC300483E25;
			packageReferences = (
				E7A351A4299FBF6A00B0C327 /* XCRemoteSwiftPackageReference "firebase-ios-sdk" */,
				E74DF3C229A6B0AA007AA084 /* XCRemoteSwiftPackageReference "Alamofire" */,
				E7EC0C5629A8EA4300C877B6 /* XCRemoteSwiftPackageReference "SwiftyJSON" */,
				E7EC0C7129A8FFA300C877B6 /* XCRemoteSwiftPackageReference "amadeus-ios" */,
			);
			productRefGroup = E7F166102991CAC300483E25 /* Products */;
			projectDirPath = "";
			projectRoot = "";
			targets = (
				E7F1660E2991CAC300483E25 /* StudygoesOnWorldTrip */,
			);
		};
/* End PBXProject section */

/* Begin PBXResourcesBuildPhase section */
		E7F1660D2991CAC300483E25 /* Resources */ = {
			isa = PBXResourcesBuildPhase;
			buildActionMask = 2147483647;
			files = (
				E7F1661A2991CAC400483E25 /* Preview Assets.xcassets in Resources */,
				E74DF3C729A6B4FC007AA084 /* mixkit.mp3 in Resources */,
				E7F166172991CAC400483E25 /* Assets.xcassets in Resources */,
			);
			runOnlyForDeploymentPostprocessing = 0;
		};
/* End PBXResourcesBuildPhase section */

/* Begin PBXSourcesBuildPhase section */
		E7F1660B2991CAC300483E25 /* Sources */ = {
			isa = PBXSourcesBuildPhase;
			buildActionMask = 2147483647;
			files = (
				E72EEE7429A7B288008C93BB /* FormField.swift in Sources */,
				E74DF3B729A6AE8E007AA084 /* SearchBar.swift in Sources */,
				E74DF3A029A65937007AA084 /* Model.swift in Sources */,
				E74DF3B929A6AEE3007AA084 /* JobListViewModel.swift in Sources */,
				E74DF3AA29A65B74007AA084 /* ProfilView.swift in Sources */,
				E7FAEE2E29A9DE6F00955400 /* HotelSearchView.swift in Sources */,
				E74DF3A829A65B34007AA084 /* MainView.swift in Sources */,
				E7FAEE2329A9A38700955400 /* FlightSearchViewModel.swift in Sources */,
				E74DF3BF29A6AFAA007AA084 /* JobDetailView.swift in Sources */,
				E7FAEE3129AA11B400955400 /* FlightProgressView.swift in Sources */,
				E74DF3BD29A6AF63007AA084 /* JobModel.swift in Sources */,
				E74DF3B029A65C05007AA084 /* HomeView.swift in Sources */,
				E74DF3A629A65AC8007AA084 /* tabButton.swift in Sources */,
				E72EEE7B29A7B364008C93BB /* ForgotPasswordView.swift in Sources */,
				E74DF3B229A65F3E007AA084 /* DetailView.swift in Sources */,
				E74DF3B529A6AE40007AA084 /* EmptyStateView.swift in Sources */,
				E74DF3C129A6B013007AA084 /* ModelData.swift in Sources */,
				E72EEE7629A7B2BD008C93BB /* LogoView.swift in Sources */,
				E74DF3AE29A65BE3007AA084 /* PlaneView.swift in Sources */,
				E7F166152991CAC300483E25 /* ContentView.swift in Sources */,
				E7F166132991CAC300483E25 /* StudygoesOnWorldTripApp.swift in Sources */,
				E72EEE7829A7B2F2008C93BB /* LogoShape.swift in Sources */,
				E74DF3AC29A65BC6007AA084 /* JobView.swift in Sources */,
				E74DF3BB29A6AF2D007AA084 /* JobView2.swift in Sources */,
				E72EEE6F29A773B8008C93BB /* Utils.swift in Sources */,
				E72EEE7D29A7B389008C93BB /* ForgetPasswordInfoView.swift in Sources */,
				E72EEE7229A7B1EF008C93BB /* LoginView.swift in Sources */,
				E74DF3A329A65A51007AA084 /* RoundedShape.swift in Sources */,
			);
			runOnlyForDeploymentPostprocessing = 0;
		};
/* End PBXSourcesBuildPhase section */

/* Begin XCBuildConfiguration section */
		E7F1661B2991CAC400483E25 /* Debug */ = {
			isa = XCBuildConfiguration;
			buildSettings = {
				ALWAYS_SEARCH_USER_PATHS = NO;
				CLANG_ANALYZER_NONNULL = YES;
				CLANG_ANALYZER_NUMBER_OBJECT_CONVERSION = YES_AGGRESSIVE;
				CLANG_CXX_LANGUAGE_STANDARD = "gnu++20";
				CLANG_ENABLE_MODULES = YES;
				CLANG_ENABLE_OBJC_ARC = YES;
				CLANG_ENABLE_OBJC_WEAK = YES;
				CLANG_WARN_BLOCK_CAPTURE_AUTORELEASING = YES;
				CLANG_WARN_BOOL_CONVERSION = YES;
				CLANG_WARN_COMMA = YES;
				CLANG_WARN_CONSTANT_CONVERSION = YES;
				CLANG_WARN_DEPRECATED_OBJC_IMPLEMENTATIONS = YES;
				CLANG_WARN_DIRECT_OBJC_ISA_USAGE = YES_ERROR;
				CLANG_WARN_DOCUMENTATION_COMMENTS = YES;
				CLANG_WARN_EMPTY_BODY = YES;
				CLANG_WARN_ENUM_CONVERSION = YES;
				CLANG_WARN_INFINITE_RECURSION = YES;
				CLANG_WARN_INT_CONVERSION = YES;
				CLANG_WARN_NON_LITERAL_NULL_CONVERSION = YES;
				CLANG_WARN_OBJC_IMPLICIT_RETAIN_SELF = YES;
				CLANG_WARN_OBJC_LITERAL_CONVERSION = YES;
				CLANG_WARN_OBJC_ROOT_CLASS = YES_ERROR;
				CLANG_WARN_QUOTED_INCLUDE_IN_FRAMEWORK_HEADER = YES;
				CLANG_WARN_RANGE_LOOP_ANALYSIS = YES;
				CLANG_WARN_STRICT_PROTOTYPES = YES;
				CLANG_WARN_SUSPICIOUS_MOVE = YES;
				CLANG_WARN_UNGUARDED_AVAILABILITY = YES_AGGRESSIVE;
				CLANG_WARN_UNREACHABLE_CODE = YES;
				CLANG_WARN__DUPLICATE_METHOD_MATCH = YES;
				COPY_PHASE_STRIP = NO;
				DEBUG_INFORMATION_FORMAT = dwarf;
				ENABLE_STRICT_OBJC_MSGSEND = YES;
				ENABLE_TESTABILITY = YES;
				GCC_C_LANGUAGE_STANDARD = gnu11;
				GCC_DYNAMIC_NO_PIC = NO;
				GCC_NO_COMMON_BLOCKS = YES;
				GCC_OPTIMIZATION_LEVEL = 0;
				GCC_PREPROCESSOR_DEFINITIONS = (
					"DEBUG=1",
					"$(inherited)",
				);
				GCC_WARN_64_TO_32_BIT_CONVERSION = YES;
				GCC_WARN_ABOUT_RETURN_TYPE = YES_ERROR;
				GCC_WARN_UNDECLARED_SELECTOR = YES;
				GCC_WARN_UNINITIALIZED_AUTOS = YES_AGGRESSIVE;
				GCC_WARN_UNUSED_FUNCTION = YES;
				GCC_WARN_UNUSED_VARIABLE = YES;
				IPHONEOS_DEPLOYMENT_TARGET = 16.2;
				MTL_ENABLE_DEBUG_INFO = INCLUDE_SOURCE;
				MTL_FAST_MATH = YES;
				ONLY_ACTIVE_ARCH = YES;
				SDKROOT = iphoneos;
				SWIFT_ACTIVE_COMPILATION_CONDITIONS = DEBUG;
				SWIFT_OPTIMIZATION_LEVEL = "-Onone";
			};
			name = Debug;
		};
		E7F1661C2991CAC400483E25 /* Release */ = {
			isa = XCBuildConfiguration;
			buildSettings = {
				ALWAYS_SEARCH_USER_PATHS = NO;
				CLANG_ANALYZER_NONNULL = YES;
				CLANG_ANALYZER_NUMBER_OBJECT_CONVERSION = YES_AGGRESSIVE;
				CLANG_CXX_LANGUAGE_STANDARD = "gnu++20";
				CLANG_ENABLE_MODULES = YES;
				CLANG_ENABLE_OBJC_ARC = YES;
				CLANG_ENABLE_OBJC_WEAK = YES;
				CLANG_WARN_BLOCK_CAPTURE_AUTORELEASING = YES;
				CLANG_WARN_BOOL_CONVERSION = YES;
				CLANG_WARN_COMMA = YES;
				CLANG_WARN_CONSTANT_CONVERSION = YES;
				CLANG_WARN_DEPRECATED_OBJC_IMPLEMENTATIONS = YES;
				CLANG_WARN_DIRECT_OBJC_ISA_USAGE = YES_ERROR;
				CLANG_WARN_DOCUMENTATION_COMMENTS = YES;
				CLANG_WARN_EMPTY_BODY = YES;
				CLANG_WARN_ENUM_CONVERSION = YES;
				CLANG_WARN_INFINITE_RECURSION = YES;
				CLANG_WARN_INT_CONVERSION = YES;
				CLANG_WARN_NON_LITERAL_NULL_CONVERSION = YES;
				CLANG_WARN_OBJC_IMPLICIT_RETAIN_SELF = YES;
				CLANG_WARN_OBJC_LITERAL_CONVERSION = YES;
				CLANG_WARN_OBJC_ROOT_CLASS = YES_ERROR;
				CLANG_WARN_QUOTED_INCLUDE_IN_FRAMEWORK_HEADER = YES;
				CLANG_WARN_RANGE_LOOP_ANALYSIS = YES;
				CLANG_WARN_STRICT_PROTOTYPES = YES;
				CLANG_WARN_SUSPICIOUS_MOVE = YES;
				CLANG_WARN_UNGUARDED_AVAILABILITY = YES_AGGRESSIVE;
				CLANG_WARN_UNREACHABLE_CODE = YES;
				CLANG_WARN__DUPLICATE_METHOD_MATCH = YES;
				COPY_PHASE_STRIP = NO;
				DEBUG_INFORMATION_FORMAT = "dwarf-with-dsym";
				ENABLE_NS_ASSERTIONS = NO;
				ENABLE_STRICT_OBJC_MSGSEND = YES;
				GCC_C_LANGUAGE_STANDARD = gnu11;
				GCC_NO_COMMON_BLOCKS = YES;
				GCC_WARN_64_TO_32_BIT_CONVERSION = YES;
				GCC_WARN_ABOUT_RETURN_TYPE = YES_ERROR;
				GCC_WARN_UNDECLARED_SELECTOR = YES;
				GCC_WARN_UNINITIALIZED_AUTOS = YES_AGGRESSIVE;
				GCC_WARN_UNUSED_FUNCTION = YES;
				GCC_WARN_UNUSED_VARIABLE = YES;
				IPHONEOS_DEPLOYMENT_TARGET = 16.2;
				MTL_ENABLE_DEBUG_INFO = NO;
				MTL_FAST_MATH = YES;
				SDKROOT = iphoneos;
				SWIFT_COMPILATION_MODE = wholemodule;
				SWIFT_OPTIMIZATION_LEVEL = "-O";
				VALIDATE_PRODUCT = YES;
			};
			name = Release;
		};
		E7F1661E2991CAC400483E25 /* Debug */ = {
			isa = XCBuildConfiguration;
			buildSettings = {
				ASSETCATALOG_COMPILER_APPICON_NAME = AppIcon;
				ASSETCATALOG_COMPILER_GLOBAL_ACCENT_COLOR_NAME = AccentColor;
				CODE_SIGN_STYLE = Automatic;
				CURRENT_PROJECT_VERSION = 1;
				DEVELOPMENT_ASSET_PATHS = "\"StudygoesOnWorldTrip/Preview Content\"";
				ENABLE_PREVIEWS = YES;
				GENERATE_INFOPLIST_FILE = YES;
				INFOPLIST_KEY_UIApplicationSceneManifest_Generation = YES;
				INFOPLIST_KEY_UIApplicationSupportsIndirectInputEvents = YES;
				INFOPLIST_KEY_UILaunchScreen_Generation = YES;
				INFOPLIST_KEY_UISupportedInterfaceOrientations_iPad = "UIInterfaceOrientationPortrait UIInterfaceOrientationPortraitUpsideDown UIInterfaceOrientationLandscapeLeft UIInterfaceOrientationLandscapeRight";
				INFOPLIST_KEY_UISupportedInterfaceOrientations_iPhone = "UIInterfaceOrientationPortrait UIInterfaceOrientationLandscapeLeft UIInterfaceOrientationLandscapeRight";
				LD_RUNPATH_SEARCH_PATHS = (
					"$(inherited)",
					"@executable_path/Frameworks",
				);
				MARKETING_VERSION = 1.0;
				PRODUCT_BUNDLE_IDENTIFIER = com.My.MyDataApp.StudygoesOnWorldTrip;
				PRODUCT_NAME = "$(TARGET_NAME)";
				SWIFT_EMIT_LOC_STRINGS = YES;
				SWIFT_VERSION = 5.0;
				TARGETED_DEVICE_FAMILY = "1,2";
			};
			name = Debug;
		};
		E7F1661F2991CAC400483E25 /* Release */ = {
			isa = XCBuildConfiguration;
			buildSettings = {
				ASSETCATALOG_COMPILER_APPICON_NAME = AppIcon;
				ASSETCATALOG_COMPILER_GLOBAL_ACCENT_COLOR_NAME = AccentColor;
				CODE_SIGN_STYLE = Automatic;
				CURRENT_PROJECT_VERSION = 1;
				DEVELOPMENT_ASSET_PATHS = "\"StudygoesOnWorldTrip/Preview Content\"";
				ENABLE_PREVIEWS = YES;
				GENERATE_INFOPLIST_FILE = YES;
				INFOPLIST_KEY_UIApplicationSceneManifest_Generation = YES;
				INFOPLIST_KEY_UIApplicationSupportsIndirectInputEvents = YES;
				INFOPLIST_KEY_UILaunchScreen_Generation = YES;
				INFOPLIST_KEY_UISupportedInterfaceOrientations_iPad = "UIInterfaceOrientationPortrait UIInterfaceOrientationPortraitUpsideDown UIInterfaceOrientationLandscapeLeft UIInterfaceOrientationLandscapeRight";
				INFOPLIST_KEY_UISupportedInterfaceOrientations_iPhone = "UIInterfaceOrientationPortrait UIInterfaceOrientationLandscapeLeft UIInterfaceOrientationLandscapeRight";
				LD_RUNPATH_SEARCH_PATHS = (
					"$(inherited)",
					"@executable_path/Frameworks",
				);
				MARKETING_VERSION = 1.0;
				PRODUCT_BUNDLE_IDENTIFIER = com.My.MyDataApp.StudygoesOnWorldTrip;
				PRODUCT_NAME = "$(TARGET_NAME)";
				SWIFT_EMIT_LOC_STRINGS = YES;
				SWIFT_VERSION = 5.0;
				TARGETED_DEVICE_FAMILY = "1,2";
			};
			name = Release;
		};
/* End XCBuildConfiguration section */

/* Begin XCConfigurationList section */
		E7F1660A2991CAC300483E25 /* Build configuration list for PBXProject "StudygoesOnWorldTrip" */ = {
			isa = XCConfigurationList;
			buildConfigurations = (
				E7F1661B2991CAC400483E25 /* Debug */,
				E7F1661C2991CAC400483E25 /* Release */,
			);
			defaultConfigurationIsVisible = 0;
			defaultConfigurationName = Release;
		};
		E7F1661D2991CAC400483E25 /* Build configuration list for PBXNativeTarget "StudygoesOnWorldTrip" */ = {
			isa = XCConfigurationList;
			buildConfigurations = (
				E7F1661E2991CAC400483E25 /* Debug */,
				E7F1661F2991CAC400483E25 /* Release */,
			);
			defaultConfigurationIsVisible = 0;
			defaultConfigurationName = Release;
		};
/* End XCConfigurationList section */

/* Begin XCRemoteSwiftPackageReference section */
		E74DF3C229A6B0AA007AA084 /* XCRemoteSwiftPackageReference "Alamofire" */ = {
			isa = XCRemoteSwiftPackageReference;
			repositoryURL = "https://github.com/Alamofire/Alamofire.git";
			requirement = {
				branch = master;
				kind = branch;
			};
		};
		E7A351A4299FBF6A00B0C327 /* XCRemoteSwiftPackageReference "firebase-ios-sdk" */ = {
			isa = XCRemoteSwiftPackageReference;
			repositoryURL = "https://github.com/firebase/firebase-ios-sdk";
			requirement = {
				kind = upToNextMajorVersion;
				minimumVersion = 9.0.0;
			};
		};
		E7EC0C5629A8EA4300C877B6 /* XCRemoteSwiftPackageReference "SwiftyJSON" */ = {
			isa = XCRemoteSwiftPackageReference;
			repositoryURL = "https://github.com/SwiftyJSON/SwiftyJSON.git";
			requirement = {
				branch = master;
				kind = branch;
			};
		};
		E7EC0C7129A8FFA300C877B6 /* XCRemoteSwiftPackageReference "amadeus-ios" */ = {
			isa = XCRemoteSwiftPackageReference;
			repositoryURL = "https://github.com/AppNewbie86/amadeus-ios.git";
			requirement = {
				branch = master;
				kind = branch;
			};
		};
/* End XCRemoteSwiftPackageReference section */

/* Begin XCSwiftPackageProductDependency section */
		E74DF3C329A6B0AA007AA084 /* Alamofire */ = {
			isa = XCSwiftPackageProductDependency;
			package = E74DF3C229A6B0AA007AA084 /* XCRemoteSwiftPackageReference "Alamofire" */;
			productName = Alamofire;
		};
		E7A351A5299FBF6A00B0C327 /* FirebaseAuth */ = {
			isa = XCSwiftPackageProductDependency;
			package = E7A351A4299FBF6A00B0C327 /* XCRemoteSwiftPackageReference "firebase-ios-sdk" */;
			productName = FirebaseAuth;
		};
		E7EC0C5729A8EA4300C877B6 /* SwiftyJSON */ = {
			isa = XCSwiftPackageProductDependency;
			package = E7EC0C5629A8EA4300C877B6 /* XCRemoteSwiftPackageReference "SwiftyJSON" */;
			productName = SwiftyJSON;
		};
		E7EC0C7229A8FFA300C877B6 /* Amadeus */ = {
			isa = XCSwiftPackageProductDependency;
			package = E7EC0C7129A8FFA300C877B6 /* XCRemoteSwiftPackageReference "amadeus-ios" */;
			productName = Amadeus;
		};
/* End XCSwiftPackageProductDependency section */
	};
	rootObject = E7F166072991CAC300483E25 /* Project object */;
}
